Microsoft Visual Studio Solution File, Format Version 12.00
# Visual Studio 2012
Project("{FAE04EC0-301F-11D3-BF4B-00C04F79EFBC}") = "Bartender", "Bartender.csproj", "{5190D80C-3916-4936-B5D2-6377CDFE935A}"
EndProject
Global
	GlobalSection(SolutionConfigurationPlatforms) = preSolution
	Debug|Any CPU = Debug|Any CPU
	ExportDebug|Any CPU = ExportDebug|Any CPU
	ExportRelease|Any CPU = ExportRelease|Any CPU
	EndGlobalSection
	GlobalSection(ProjectConfigurationPlatforms) = postSolution
		{5190D80C-3916-4936-B5D2-6377CDFE935A}.Debug|Any CPU.ActiveCfg = Debug|Any CPU
		{5190D80C-3916-4936-B5D2-6377CDFE935A}.Debug|Any CPU.Build.0 = Debug|Any CPU
		{5190D80C-3916-4936-B5D2-6377CDFE935A}.ExportDebug|Any CPU.ActiveCfg = ExportDebug|Any CPU
		{5190D80C-3916-4936-B5D2-6377CDFE935A}.ExportDebug|Any CPU.Build.0 = ExportDebug|Any CPU
		{5190D80C-3916-4936-B5D2-6377CDFE935A}.ExportRelease|Any CPU.ActiveCfg = ExportRelease|Any CPU
		{5190D80C-3916-4936-B5D2-6377CDFE935A}.ExportRelease|Any CPU.Build.0 = ExportRelease|Any CPU
	EndGlobalSection
EndGlobal
